<?xml version="1.0" encoding="utf-8"?>
<Project ToolsVersion="18.0" xmlns="http://schemas.microsoft.com/developer/msbuild/2003">
  <ItemGroup>
    <ClCompile Include="C:\Users\Matth\Downloads\HyperCycle\v2.0 Vortex\src\vortex_integration.c">
      <Filter>Source Files</Filter>
    </ClCompile>
    <ClCompile Include="C:\Users\Matth\Downloads\HyperCycle\v2.0 Vortex\src\vortex_pqc_api.c">
      <Filter>Source Files</Filter>
    </ClCompile>
    <ClCompile Include="C:\Users\Matth\Downloads\HyperCycle\v2.0 Vortex\src\hc_ed25519.c">
      <Filter>Source Files</Filter>
    </ClCompile>
    <ClCompile Include="C:\Users\Matth\Downloads\HyperCycle\v2.0 Vortex\src\ed25519\ed25519_api.c">
      <Filter>Source Files</Filter>
    </ClCompile>
    <ClCompile Include="C:\Users\Matth\Downloads\HyperCycle\v2.0 Vortex\src\ed25519\ed25519_core.c">
      <Filter>Source Files</Filter>
    </ClCompile>
    <ClCompile Include="C:\Users\Matth\Downloads\HyperCycle\v2.0 Vortex\src\ed25519\ed25519_field.c">
      <Filter>Source Files</Filter>
    </ClCompile>
    <ClCompile Include="C:\Users\Matth\Downloads\HyperCycle\v2.0 Vortex\src\ed25519\ed25519_group.c">
      <Filter>Source Files</Filter>
    </ClCompile>
  </ItemGroup>
  <ItemGroup>
    <CustomBuild Include="C:\Users\Matth\Downloads\HyperCycle\v2.0 Vortex\CMakeLists.txt" />
  </ItemGroup>
  <ItemGroup>
    <Object Include="C:\Users\Matth\Downloads\HyperCycle\v2.0 Vortex\build-vs2026\hypercycle_vortex_objs.dir\$(Configuration)\batch.obj">
      <Filter>Object Libraries</Filter>
    </Object>
    <Object Include="C:\Users\Matth\Downloads\HyperCycle\v2.0 Vortex\build-vs2026\hypercycle_vortex_objs.dir\$(Configuration)\cemqc.obj">
      <Filter>Object Libraries</Filter>
    </Object>
    <Object Include="C:\Users\Matth\Downloads\HyperCycle\v2.0 Vortex\build-vs2026\hypercycle_vortex_objs.dir\$(Configuration)\fixed_point.obj">
      <Filter>Object Libraries</Filter>
    </Object>
    <Object Include="C:\Users\Matth\Downloads\HyperCycle\v2.0 Vortex\build-vs2026\hypercycle_vortex_objs.dir\$(Configuration)\hc_cbom.obj">
      <Filter>Object Libraries</Filter>
    </Object>
    <Object Include="C:\Users\Matth\Downloads\HyperCycle\v2.0 Vortex\build-vs2026\hypercycle_vortex_objs.dir\$(Configuration)\hc_core.obj">
      <Filter>Object Libraries</Filter>
    </Object>
    <Object Include="C:\Users\Matth\Downloads\HyperCycle\v2.0 Vortex\build-vs2026\hypercycle_vortex_objs.dir\$(Configuration)\hc_cpu_features.obj">
      <Filter>Object Libraries</Filter>
    </Object>
    <Object Include="C:\Users\Matth\Downloads\HyperCycle\v2.0 Vortex\build-vs2026\hypercycle_vortex_objs.dir\$(Configuration)\hc_fast_validation.obj">
      <Filter>Object Libraries</Filter>
    </Object>
    <Object Include="C:\Users\Matth\Downloads\HyperCycle\v2.0 Vortex\build-vs2026\hypercycle_vortex_objs.dir\$(Configuration)\hc_final.obj">
      <Filter>Object Libraries</Filter>
    </Object>
    <Object Include="C:\Users\Matth\Downloads\HyperCycle\v2.0 Vortex\build-vs2026\hypercycle_vortex_objs.dir\$(Configuration)\hc_gpu_universal.obj">
      <Filter>Object Libraries</Filter>
    </Object>
    <Object Include="C:\Users\Matth\Downloads\HyperCycle\v2.0 Vortex\build-vs2026\hypercycle_vortex_objs.dir\$(Configuration)\hc_health_tests.obj">
      <Filter>Object Libraries</Filter>
    </Object>
    <Object Include="C:\Users\Matth\Downloads\HyperCycle\v2.0 Vortex\build-vs2026\hypercycle_vortex_objs.dir\$(Configuration)\hc_hybrid_x25519.obj">
      <Filter>Object Libraries</Filter>
    </Object>
    <Object Include="C:\Users\Matth\Downloads\HyperCycle\v2.0 Vortex\build-vs2026\hypercycle_vortex_objs.dir\$(Configuration)\hc_introspection.obj">
      <Filter>Object Libraries</Filter>
    </Object>
    <Object Include="C:\Users\Matth\Downloads\HyperCycle\v2.0 Vortex\build-vs2026\hypercycle_vortex_objs.dir\$(Configuration)\hc_key_rotation.obj">
      <Filter>Object Libraries</Filter>
    </Object>
    <Object Include="C:\Users\Matth\Downloads\HyperCycle\v2.0 Vortex\build-vs2026\hypercycle_vortex_objs.dir\$(Configuration)\hc_octonion.obj">
      <Filter>Object Libraries</Filter>
    </Object>
    <Object Include="C:\Users\Matth\Downloads\HyperCycle\v2.0 Vortex\build-vs2026\hypercycle_vortex_objs.dir\$(Configuration)\hc_octonion_simd.obj">
      <Filter>Object Libraries</Filter>
    </Object>
    <Object Include="C:\Users\Matth\Downloads\HyperCycle\v2.0 Vortex\build-vs2026\hypercycle_vortex_objs.dir\$(Configuration)\hc_oga_fano_prod_x8_dispatch.obj">
      <Filter>Object Libraries</Filter>
    </Object>
    <Object Include="C:\Users\Matth\Downloads\HyperCycle\v2.0 Vortex\build-vs2026\hypercycle_vortex_objs.dir\$(Configuration)\hc_oga_fano_prod_x8_fallback.obj">
      <Filter>Object Libraries</Filter>
    </Object>
    <Object Include="C:\Users\Matth\Downloads\HyperCycle\v2.0 Vortex\build-vs2026\hypercycle_vortex_objs.dir\$(Configuration)\hc_oga_ifma_kernel.obj">
      <Filter>Object Libraries</Filter>
    </Object>
    <Object Include="C:\Users\Matth\Downloads\HyperCycle\v2.0 Vortex\build-vs2026\hypercycle_vortex_objs.dir\$(Configuration)\hc_oga_kem.obj">
      <Filter>Object Libraries</Filter>
    </Object>
    <Object Include="C:\Users\Matth\Downloads\HyperCycle\v2.0 Vortex\build-vs2026\hypercycle_vortex_objs.dir\$(Configuration)\hc_optimized_kernel.obj">
      <Filter>Object Libraries</Filter>
    </Object>
    <Object Include="C:\Users\Matth\Downloads\HyperCycle\v2.0 Vortex\build-vs2026\hypercycle_vortex_objs.dir\$(Configuration)\hc_policy_engine.obj">
      <Filter>Object Libraries</Filter>
    </Object>
    <Object Include="C:\Users\Matth\Downloads\HyperCycle\v2.0 Vortex\build-vs2026\hypercycle_vortex_objs.dir\$(Configuration)\hc_quaternion.obj">
      <Filter>Object Libraries</Filter>
    </Object>
    <Object Include="C:\Users\Matth\Downloads\HyperCycle\v2.0 Vortex\build-vs2026\hypercycle_vortex_objs.dir\$(Configuration)\hc_risk_score.obj">
      <Filter>Object Libraries</Filter>
    </Object>
    <Object Include="C:\Users\Matth\Downloads\HyperCycle\v2.0 Vortex\build-vs2026\hypercycle_vortex_objs.dir\$(Configuration)\hc_sbox16.obj">
      <Filter>Object Libraries</Filter>
    </Object>
    <Object Include="C:\Users\Matth\Downloads\HyperCycle\v2.0 Vortex\build-vs2026\hypercycle_vortex_objs.dir\$(Configuration)\hc_secure_enclave.obj">
      <Filter>Object Libraries</Filter>
    </Object>
    <Object Include="C:\Users\Matth\Downloads\HyperCycle\v2.0 Vortex\build-vs2026\hypercycle_vortex_objs.dir\$(Configuration)\hc_secure_memory.obj">
      <Filter>Object Libraries</Filter>
    </Object>
    <Object Include="C:\Users\Matth\Downloads\HyperCycle\v2.0 Vortex\build-vs2026\hypercycle_vortex_objs.dir\$(Configuration)\hc_telemetry.obj">
      <Filter>Object Libraries</Filter>
    </Object>
    <Object Include="C:\Users\Matth\Downloads\HyperCycle\v2.0 Vortex\build-vs2026\hypercycle_vortex_objs.dir\$(Configuration)\hc_vacuum.obj">
      <Filter>Object Libraries</Filter>
    </Object>
    <Object Include="C:\Users\Matth\Downloads\HyperCycle\v2.0 Vortex\build-vs2026\hypercycle_vortex_objs.dir\$(Configuration)\hc_vacuum_avx512.obj">
      <Filter>Object Libraries</Filter>
    </Object>
    <Object Include="C:\Users\Matth\Downloads\HyperCycle\v2.0 Vortex\build-vs2026\hypercycle_vortex_objs.dir\$(Configuration)\hc_vacuum_jitter.obj">
      <Filter>Object Libraries</Filter>
    </Object>
    <Object Include="C:\Users\Matth\Downloads\HyperCycle\v2.0 Vortex\build-vs2026\hypercycle_vortex_objs.dir\$(Configuration)\hc_zero_trust.obj">
      <Filter>Object Libraries</Filter>
    </Object>
    <Object Include="C:\Users\Matth\Downloads\HyperCycle\v2.0 Vortex\build-vs2026\hypercycle_vortex_objs.dir\$(Configuration)\hypercycle_algorithms.obj">
      <Filter>Object Libraries</Filter>
    </Object>
    <Object Include="C:\Users\Matth\Downloads\HyperCycle\v2.0 Vortex\build-vs2026\hypercycle_vortex_objs.dir\$(Configuration)\hypercycle_consciousness.obj">
      <Filter>Object Libraries</Filter>
    </Object>
    <Object Include="C:\Users\Matth\Downloads\HyperCycle\v2.0 Vortex\build-vs2026\hypercycle_vortex_objs.dir\$(Configuration)\hypercycle_core.obj">
      <Filter>Object Libraries</Filter>
    </Object>
    <Object Include="C:\Users\Matth\Downloads\HyperCycle\v2.0 Vortex\build-vs2026\hypercycle_vortex_objs.dir\$(Configuration)\hypercycle_quantum_accel.obj">
      <Filter>Object Libraries</Filter>
    </Object>
    <Object Include="C:\Users\Matth\Downloads\HyperCycle\v2.0 Vortex\build-vs2026\hypercycle_vortex_objs.dir\$(Configuration)\hypercycle_temporal.obj">
      <Filter>Object Libraries</Filter>
    </Object>
    <Object Include="C:\Users\Matth\Downloads\HyperCycle\v2.0 Vortex\build-vs2026\hypercycle_vortex_objs.dir\$(Configuration)\hypercycle_ultra_optimizer.obj">
      <Filter>Object Libraries</Filter>
    </Object>
    <Object Include="C:\Users\Matth\Downloads\HyperCycle\v2.0 Vortex\build-vs2026\hypercycle_vortex_objs.dir\$(Configuration)\hypercycle_vortex_v1_2.obj">
      <Filter>Object Libraries</Filter>
    </Object>
    <Object Include="C:\Users\Matth\Downloads\HyperCycle\v2.0 Vortex\build-vs2026\hypercycle_vortex_objs.dir\$(Configuration)\ml_dsa_87.obj">
      <Filter>Object Libraries</Filter>
    </Object>
    <Object Include="C:\Users\Matth\Downloads\HyperCycle\v2.0 Vortex\build-vs2026\hypercycle_vortex_objs.dir\$(Configuration)\ml_kem.obj">
      <Filter>Object Libraries</Filter>
    </Object>
    <Object Include="C:\Users\Matth\Downloads\HyperCycle\v2.0 Vortex\build-vs2026\hypercycle_vortex_objs.dir\$(Configuration)\ns_entropy_pool.obj">
      <Filter>Object Libraries</Filter>
    </Object>
    <Object Include="C:\Users\Matth\Downloads\HyperCycle\v2.0 Vortex\build-vs2026\hypercycle_vortex_objs.dir\$(Configuration)\hypercycle_arm_neon.obj">
      <Filter>Object Libraries</Filter>
    </Object>
    <Object Include="C:\Users\Matth\Downloads\HyperCycle\v2.0 Vortex\build-vs2026\hypercycle_vortex_objs.dir\$(Configuration)\hc_constant_time.obj">
      <Filter>Object Libraries</Filter>
    </Object>
    <Object Include="C:\Users\Matth\Downloads\HyperCycle\v2.0 Vortex\build-vs2026\hypercycle_vortex_objs.dir\$(Configuration)\hc_integrity.obj">
      <Filter>Object Libraries</Filter>
    </Object>
    <Object Include="C:\Users\Matth\Downloads\HyperCycle\v2.0 Vortex\build-vs2026\hypercycle_vortex_objs.dir\$(Configuration)\hc_sidechannel.obj">
      <Filter>Object Libraries</Filter>
    </Object>
    <Object Include="C:\Users\Matth\Downloads\HyperCycle\v2.0 Vortex\build-vs2026\hypercycle_vortex_objs.dir\$(Configuration)\hc_tamper_detection.obj">
      <Filter>Object Libraries</Filter>
    </Object>
    <Object Include="C:\Users\Matth\Downloads\HyperCycle\v2.0 Vortex\build-vs2026\hypercycle_vortex_objs.dir\$(Configuration)\sha3.obj">
      <Filter>Object Libraries</Filter>
    </Object>
    <Object Include="C:\Users\Matth\Downloads\HyperCycle\v2.0 Vortex\build-vs2026\hypercycle_vortex_objs.dir\$(Configuration)\system_entropy.obj">
      <Filter>Object Libraries</Filter>
    </Object>
    <Object Include="C:\Users\Matth\Downloads\HyperCycle\v2.0 Vortex\build-vs2026\hypercycle_vortex_objs.dir\$(Configuration)\hc_5g_session.obj">
      <Filter>Object Libraries</Filter>
    </Object>
    <Object Include="C:\Users\Matth\Downloads\HyperCycle\v2.0 Vortex\build-vs2026\hypercycle_vortex_objs.dir\$(Configuration)\hc_packet_crypto.obj">
      <Filter>Object Libraries</Filter>
    </Object>
    <Object Include="C:\Users\Matth\Downloads\HyperCycle\v2.0 Vortex\build-vs2026\hypercycle_vortex_objs.dir\$(Configuration)\weave_kem.obj">
      <Filter>Object Libraries</Filter>
    </Object>
    <Object Include="C:\Users\Matth\Downloads\HyperCycle\v2.0 Vortex\build-vs2026\hypercycle_vortex_objs.dir\$(Configuration)\weave_sig.obj">
      <Filter>Object Libraries</Filter>
    </Object>
  </ItemGroup>
  <ItemGroup>
    <Filter Include="Object Libraries">
      <UniqueIdentifier>{EFBD07FE-D840-3DCA-9F8A-32E1E3DE7115}</UniqueIdentifier>
    </Filter>
    <Filter Include="Source Files">
      <UniqueIdentifier>{6381B194-B25C-34E1-B43E-0F2F11CF3E4C}</UniqueIdentifier>
    </Filter>
  </ItemGroup>
</Project>
